
Microsoft Visual Studio Solution File, Format Version 12.00
# Visual Studio 15
VisualStudioVersion = 15.0.28307.329
MinimumVisualStudioVersion = 10.0.40219.1
Project("{FAE04EC0-301F-11D3-BF4B-00C04F79EFBC}") = "ISDS.Android", "ISDS\ISDS.Android\ISDS.Android.csproj", "{E47832AD-EA7C-4317-A8B4-DBE3A3791EA0}"
EndProject
Project("{FAE04EC0-301F-11D3-BF4B-00C04F79EFBC}") = "ISDS.iOS", "ISDS\ISDS.iOS\ISDS.iOS.csproj", "{48FF762D-13EA-462A-BE9B-E48321B812B6}"
EndProject
Project("{FAE04EC0-301F-11D3-BF4B-00C04F79EFBC}") = "ISDS", "ISDS\ISDS\ISDS.csproj", "{74497BB2-F875-456E-BE8D-F801449BF128}"
EndProject
Global
	GlobalSection(SolutionConfigurationPlatforms) = preSolution
		Ad-Hoc|Any CPU = Ad-Hoc|Any CPU
		Ad-Hoc|iPhone = Ad-Hoc|iPhone
		Ad-Hoc|iPhoneSimulator = Ad-Hoc|iPhoneSimulator
		AppStore|Any CPU = AppStore|Any CPU
		AppStore|iPhone = AppStore|iPhone
		AppStore|iPhoneSimulator = AppStore|iPhoneSimulator
		Debug|Any CPU = Debug|Any CPU
		Debug|iPhone = Debug|iPhone
		Debug|iPhoneSimulator = Debug|iPhoneSimulator
		Release|Any CPU = Release|Any CPU
		Release|iPhone = Release|iPhone
		Release|iPhoneSimulator = Release|iPhoneSimulator
	EndGlobalSection
	GlobalSection(ProjectConfigurationPlatforms) = postSolution
		{E47832AD-EA7C-4317-A8B4-DBE3A3791EA0}.Ad-Hoc|Any CPU.ActiveCfg = Release|Any CPU
		{E47832AD-EA7C-4317-A8B4-DBE3A3791EA0}.Ad-Hoc|Any CPU.Build.0 = Release|Any CPU
		{E47832AD-EA7C-4317-A8B4-DBE3A3791EA0}.Ad-Hoc|Any CPU.Deploy.0 = Release|Any CPU
		{E47832AD-EA7C-4317-A8B4-DBE3A3791EA0}.Ad-Hoc|iPhone.ActiveCfg = Release|Any CPU
		{E47832AD-EA7C-4317-A8B4-DBE3A3791EA0}.Ad-Hoc|iPhone.Build.0 = Release|Any CPU
		{E47832AD-EA7C-4317-A8B4-DBE3A3791EA0}.Ad-Hoc|iPhone.Deploy.0 = Release|Any CPU
		{E47832AD-EA7C-4317-A8B4-DBE3A3791EA0}.Ad-Hoc|iPhoneSimulator.ActiveCfg = Release|Any CPU
		{E47832AD-EA7C-4317-A8B4-DBE3A3791EA0}.Ad-Hoc|iPhoneSimulator.Build.0 = Release|Any CPU
		{E47832AD-EA7C-4317-A8B4-DBE3A3791EA0}.Ad-Hoc|iPhoneSimulator.Deploy.0 = Release|Any CPU
		{E47832AD-EA7C-4317-A8B4-DBE3A3791EA0}.AppStore|Any CPU.ActiveCfg = Release|Any CPU
		{E47832AD-EA7C-4317-A8B4-DBE3A3791EA0}.AppStore|Any CPU.Build.0 = Release|Any CPU
		{E47832AD-EA7C-4317-A8B4-DBE3A3791EA0}.AppStore|Any CPU.Deploy.0 = Release|Any CPU
		{E47832AD-EA7C-4317-A8B4-DBE3A3791EA0}.AppStore|iPhone.ActiveCfg = Release|Any CPU
		{E47832AD-EA7C-4317-A8B4-DBE3A3791EA0}.AppStore|iPhone.Build.0 = Release|Any CPU
		{E47832AD-EA7C-4317-A8B4-DBE3A3791EA0}.AppStore|iPhone.Deploy.0 = Release|Any CPU
		{E47832AD-EA7C-4317-A8B4-DBE3A3791EA0}.AppStore|iPhoneSimulator.ActiveCfg = Release|Any CPU
		{E47832AD-EA7C-4317-A8B4-DBE3A3791EA0}.AppStore|iPhoneSimulator.Build.0 = Release|Any CPU
		{E47832AD-EA7C-4317-A8B4-DBE3A3791EA0}.AppStore|iPhoneSimulator.Deploy.0 = Release|Any CPU
		{E47832AD-EA7C-4317-A8B4-DBE3A3791EA0}.Debug|Any CPU.ActiveCfg = Debug|Any CPU
		{E47832AD-EA7C-4317-A8B4-DBE3A3791EA0}.Debug|Any CPU.Build.0 = Debug|Any CPU
		{E47832AD-EA7C-4317-A8B4-DBE3A3791EA0}.Debug|Any CPU.Deploy.0 = Debug|Any CPU
		{E47832AD-EA7C-4317-A8B4-DBE3A3791EA0}.Debug|iPhone.ActiveCfg = Debug|Any CPU
		{E47832AD-EA7C-4317-A8B4-DBE3A3791EA0}.Debug|iPhone.Build.0 = Debug|Any CPU
		{E47832AD-EA7C-4317-A8B4-DBE3A3791EA0}.Debug|iPhone.Deploy.0 = Debug|Any CPU
		{E47832AD-EA7C-4317-A8B4-DBE3A3791EA0}.Debug|iPhoneSimulator.ActiveCfg = Debug|Any CPU
		{E47832AD-EA7C-4317-A8B4-DBE3A3791EA0}.Debug|iPhoneSimulator.Build.0 = Debug|Any CPU
		{E47832AD-EA7C-4317-A8B4-DBE3A3791EA0}.Debug|iPhoneSimulator.Deploy.0 = Debug|Any CPU
		{E47832AD-EA7C-4317-A8B4-DBE3A3791EA0}.Release|Any CPU.ActiveCfg = Release|Any CPU
		{E47832AD-EA7C-4317-A8B4-DBE3A3791EA0}.Release|Any CPU.Build.0 = Release|Any CPU
		{E47832AD-EA7C-4317-A8B4-DBE3A3791EA0}.Release|Any CPU.Deploy.0 = Release|Any CPU
		{E47832AD-EA7C-4317-A8B4-DBE3A3791EA0}.Release|iPhone.ActiveCfg = Release|Any CPU
		{E47832AD-EA7C-4317-A8B4-DBE3A3791EA0}.Release|iPhone.Build.0 = Release|Any CPU
		{E47832AD-EA7C-4317-A8B4-DBE3A3791EA0}.Release|iPhone.Deploy.0 = Release|Any CPU
		{E47832AD-EA7C-4317-A8B4-DBE3A3791EA0}.Release|iPhoneSimulator.ActiveCfg = Release|Any CPU
		{E47832AD-EA7C-4317-A8B4-DBE3A3791EA0}.Release|iPhoneSimulator.Build.0 = Release|Any CPU
		{E47832AD-EA7C-4317-A8B4-DBE3A3791EA0}.Release|iPhoneSimulator.Deploy.0 = Release|Any CPU
		{48FF762D-13EA-462A-BE9B-E48321B812B6}.Ad-Hoc|Any CPU.ActiveCfg = Ad-Hoc|iPhone
		{48FF762D-13EA-462A-BE9B-E48321B812B6}.Ad-Hoc|Any CPU.Build.0 = Ad-Hoc|iPhone
		{48FF762D-13EA-462A-BE9B-E48321B812B6}.Ad-Hoc|Any CPU.Deploy.0 = Ad-Hoc|iPhone
		{48FF762D-13EA-462A-BE9B-E48321B812B6}.Ad-Hoc|iPhone.ActiveCfg = Ad-Hoc|iPhone
		{48FF762D-13EA-462A-BE9B-E48321B812B6}.Ad-Hoc|iPhone.Build.0 = Ad-Hoc|iPhone
		{48FF762D-13EA-462A-BE9B-E48321B812B6}.Ad-Hoc|iPhone.Deploy.0 = Ad-Hoc|iPhone
		{48FF762D-13EA-462A-BE9B-E48321B812B6}.Ad-Hoc|iPhoneSimulator.ActiveCfg = Ad-Hoc|iPhoneSimulator
		{48FF762D-13EA-462A-BE9B-E48321B812B6}.Ad-Hoc|iPhoneSimulator.Build.0 = Ad-Hoc|iPhoneSimulator
		{48FF762D-13EA-462A-BE9B-E48321B812B6}.Ad-Hoc|iPhoneSimulator.Deploy.0 = Ad-Hoc|iPhoneSimulator
		{48FF762D-13EA-462A-BE9B-E48321B812B6}.AppStore|Any CPU.ActiveCfg = AppStore|iPhone
		{48FF762D-13EA-462A-BE9B-E48321B812B6}.AppStore|Any CPU.Build.0 = AppStore|iPhone
		{48FF762D-13EA-462A-BE9B-E48321B812B6}.AppStore|Any CPU.Deploy.0 = AppStore|iPhone
		{48FF762D-13EA-462A-BE9B-E48321B812B6}.AppStore|iPhone.ActiveCfg = AppStore|iPhone
		{48FF762D-13EA-462A-BE9B-E48321B812B6}.AppStore|iPhone.Build.0 = AppStore|iPhone
		{48FF762D-13EA-462A-BE9B-E48321B812B6}.AppStore|iPhone.Deploy.0 = AppStore|iPhone
		{48FF762D-13EA-462A-BE9B-E48321B812B6}.AppStore|iPhoneSimulator.ActiveCfg = AppStore|iPhoneSimulator
		{48FF762D-13EA-462A-BE9B-E48321B812B6}.AppStore|iPhoneSimulator.Build.0 = AppStore|iPhoneSimulator
		{48FF762D-13EA-462A-BE9B-E48321B812B6}.AppStore|iPhoneSimulator.Deploy.0 = AppStore|iPhoneSimulator
		{48FF762D-13EA-462A-BE9B-E48321B812B6}.Debug|Any CPU.ActiveCfg = Debug|iPhoneSimulator
		{48FF762D-13EA-462A-BE9B-E48321B812B6}.Debug|Any CPU.Build.0 = Debug|iPhoneSimulator
		{48FF762D-13EA-462A-BE9B-E48321B812B6}.Debug|Any CPU.Deploy.0 = Debug|iPhoneSimulator
		{48FF762D-13EA-462A-BE9B-E48321B812B6}.Debug|iPhone.ActiveCfg = Debug|iPhone
		{48FF762D-13EA-462A-BE9B-E48321B812B6}.Debug|iPhone.Build.0 = Debug|iPhone
		{48FF762D-13EA-462A-BE9B-E48321B812B6}.Debug|iPhone.Deploy.0 = Debug|iPhone
		{48FF762D-13EA-462A-BE9B-E48321B812B6}.Debug|iPhoneSimulator.ActiveCfg = Debug|iPhoneSimulator
		{48FF762D-13EA-462A-BE9B-E48321B812B6}.Debug|iPhoneSimulator.Build.0 = Debug|iPhoneSimulator
		{48FF762D-13EA-462A-BE9B-E48321B812B6}.Debug|iPhoneSimulator.Deploy.0 = Debug|iPhoneSimulator
		{48FF762D-13EA-462A-BE9B-E48321B812B6}.Release|Any CPU.ActiveCfg = Release|iPhone
		{48FF762D-13EA-462A-BE9B-E48321B812B6}.Release|Any CPU.Build.0 = Release|iPhone
		{48FF762D-13EA-462A-BE9B-E48321B812B6}.Release|Any CPU.Deploy.0 = Release|iPhone
		{48FF762D-13EA-462A-BE9B-E48321B812B6}.Release|iPhone.ActiveCfg = Release|iPhone
		{48FF762D-13EA-462A-BE9B-E48321B812B6}.Release|iPhone.Build.0 = Release|iPhone
		{48FF762D-13EA-462A-BE9B-E48321B812B6}.Release|iPhone.Deploy.0 = Release|iPhone
		{48FF762D-13EA-462A-BE9B-E48321B812B6}.Release|iPhoneSimulator.ActiveCfg = Release|iPhoneSimulator
		{48FF762D-13EA-462A-BE9B-E48321B812B6}.Release|iPhoneSimulator.Build.0 = Release|iPhoneSimulator
		{48FF762D-13EA-462A-BE9B-E48321B812B6}.Release|iPhoneSimulator.Deploy.0 = Release|iPhoneSimulator
		{74497BB2-F875-456E-BE8D-F801449BF128}.Ad-Hoc|Any CPU.ActiveCfg = Debug|Any CPU
		{74497BB2-F875-456E-BE8D-F801449BF128}.Ad-Hoc|Any CPU.Build.0 = Debug|Any CPU
		{74497BB2-F875-456E-BE8D-F801449BF128}.Ad-Hoc|Any CPU.Deploy.0 = Debug|Any CPU
		{74497BB2-F875-456E-BE8D-F801449BF128}.Ad-Hoc|iPhone.ActiveCfg = Debug|Any CPU
		{74497BB2-F875-456E-BE8D-F801449BF128}.Ad-Hoc|iPhone.Build.0 = Debug|Any CPU
		{74497BB2-F875-456E-BE8D-F801449BF128}.Ad-Hoc|iPhone.Deploy.0 = Debug|Any CPU
		{74497BB2-F875-456E-BE8D-F801449BF128}.Ad-Hoc|iPhoneSimulator.ActiveCfg = Debug|Any CPU
		{74497BB2-F875-456E-BE8D-F801449BF128}.Ad-Hoc|iPhoneSimulator.Build.0 = Debug|Any CPU
		{74497BB2-F875-456E-BE8D-F801449BF128}.Ad-Hoc|iPhoneSimulator.Deploy.0 = Debug|Any CPU
		{74497BB2-F875-456E-BE8D-F801449BF128}.AppStore|Any CPU.ActiveCfg = Debug|Any CPU
		{74497BB2-F875-456E-BE8D-F801449BF128}.AppStore|Any CPU.Build.0 = Debug|Any CPU
		{74497BB2-F875-456E-BE8D-F801449BF128}.AppStore|Any CPU.Deploy.0 = Debug|Any CPU
		{74497BB2-F875-456E-BE8D-F801449BF128}.AppStore|iPhone.ActiveCfg = Debug|Any CPU
		{74497BB2-F875-456E-BE8D-F801449BF128}.AppStore|iPhone.Build.0 = Debug|Any CPU
		{74497BB2-F875-456E-BE8D-F801449BF128}.AppStore|iPhone.Deploy.0 = Debug|Any CPU
		{74497BB2-F875-456E-BE8D-F801449BF128}.AppStore|iPhoneSimulator.ActiveCfg = Debug|Any CPU
		{74497BB2-F875-456E-BE8D-F801449BF128}.AppStore|iPhoneSimulator.Build.0 = Debug|Any CPU
		{74497BB2-F875-456E-BE8D-F801449BF128}.AppStore|iPhoneSimulator.Deploy.0 = Debug|Any CPU
		{74497BB2-F875-456E-BE8D-F801449BF128}.Debug|Any CPU.ActiveCfg = Debug|Any CPU
		{74497BB2-F875-456E-BE8D-F801449BF128}.Debug|Any CPU.Build.0 = Debug|Any CPU
		{74497BB2-F875-456E-BE8D-F801449BF128}.Debug|Any CPU.Deploy.0 = Debug|Any CPU
		{74497BB2-F875-456E-BE8D-F801449BF128}.Debug|iPhone.ActiveCfg = Debug|Any CPU
		{74497BB2-F875-456E-BE8D-F801449BF128}.Debug|iPhone.Build.0 = Debug|Any CPU
		{74497BB2-F875-456E-BE8D-F801449BF128}.Debug|iPhone.Deploy.0 = Debug|Any CPU
		{74497BB2-F875-456E-BE8D-F801449BF128}.Debug|iPhoneSimulator.ActiveCfg = Debug|Any CPU
		{74497BB2-F875-456E-BE8D-F801449BF128}.Debug|iPhoneSimulator.Build.0 = Debug|Any CPU
		{74497BB2-F875-456E-BE8D-F801449BF128}.Debug|iPhoneSimulator.Deploy.0 = Debug|Any CPU
		{74497BB2-F875-456E-BE8D-F801449BF128}.Release|Any CPU.ActiveCfg = Release|Any CPU
		{74497BB2-F875-456E-BE8D-F801449BF128}.Release|Any CPU.Build.0 = Release|Any CPU
		{74497BB2-F875-456E-BE8D-F801449BF128}.Release|Any CPU.Deploy.0 = Release|Any CPU
		{74497BB2-F875-456E-BE8D-F801449BF128}.Release|iPhone.ActiveCfg = Release|Any CPU
		{74497BB2-F875-456E-BE8D-F801449BF128}.Release|iPhone.Build.0 = Release|Any CPU
		{74497BB2-F875-456E-BE8D-F801449BF128}.Release|iPhone.Deploy.0 = Release|Any CPU
		{74497BB2-F875-456E-BE8D-F801449BF128}.Release|iPhoneSimulator.ActiveCfg = Release|Any CPU
		{74497BB2-F875-456E-BE8D-F801449BF128}.Release|iPhoneSimulator.Build.0 = Release|Any CPU
		{74497BB2-F875-456E-BE8D-F801449BF128}.Release|iPhoneSimulator.Deploy.0 = Release|Any CPU
	EndGlobalSection
	GlobalSection(SolutionProperties) = preSolution
		HideSolutionNode = FALSE
	EndGlobalSection
	GlobalSection(ExtensibilityGlobals) = postSolution
		SolutionGuid = {2685F936-F2C9-490E-A909-9B66562DA8F2}
	EndGlobalSection
EndGlobal
